// !$*UTF8*$!
{
	archiveVersion = 1;
	classes = {
	};
	objectVersion = 56;
	objects = {

/* Begin PBXBuildFile section */
		503E76DC2B68B1D900E88986 /* TripView.swift in Sources */ = {isa = PBXBuildFile; fileRef = 503E76DB2B68B1D900E88986 /* TripView.swift */; };
		503E76DE2B71F91A00E88986 /* NewDayView.swift in Sources */ = {isa = PBXBuildFile; fileRef = 503E76DD2B71F91A00E88986 /* NewDayView.swift */; };
		503E76E22B7C380100E88986 /* AddActivityView.swift in Sources */ = {isa = PBXBuildFile; fileRef = 503E76E12B7C380100E88986 /* AddActivityView.swift */; };
		503E76E42B7C3B6000E88986 /* AddActivityViewModel.swift in Sources */ = {isa = PBXBuildFile; fileRef = 503E76E32B7C3B6000E88986 /* AddActivityViewModel.swift */; };
		50A845502B58E20400CE5728 /* NewActivityView.swift in Sources */ = {isa = PBXBuildFile; fileRef = 50A8454F2B58E20400CE5728 /* NewActivityView.swift */; };
		50A845522B58F73B00CE5728 /* NewActivityViewModel.swift in Sources */ = {isa = PBXBuildFile; fileRef = 50A845512B58F73B00CE5728 /* NewActivityViewModel.swift */; };
		50C2FF5A2B62047E0098DCFC /* SimpleTransportCardView.swift in Sources */ = {isa = PBXBuildFile; fileRef = 50C2FF592B62047E0098DCFC /* SimpleTransportCardView.swift */; };
		50C58C692B5A4F10000DF547 /* SimpleTripCardView.swift in Sources */ = {isa = PBXBuildFile; fileRef = 50C58C682B5A4F10000DF547 /* SimpleTripCardView.swift */; };
		50F615902B60BB7E005F0EAB /* DetailedActivityView.swift in Sources */ = {isa = PBXBuildFile; fileRef = 50F6158F2B60BB7E005F0EAB /* DetailedActivityView.swift */; };
		F17FA3862AFC69BF00D66D26 /* LoginView.swift in Sources */ = {isa = PBXBuildFile; fileRef = F17FA3852AFC69BF00D66D26 /* LoginView.swift */; };
		FF1274C82AF74F8F00099E02 /* FullEventCardView.swift in Sources */ = {isa = PBXBuildFile; fileRef = FF1274C72AF74F8F00099E02 /* FullEventCardView.swift */; };
		FF1274CA2AF74F9D00099E02 /* FullEventCardViewModel.swift in Sources */ = {isa = PBXBuildFile; fileRef = FF1274C92AF74F9D00099E02 /* FullEventCardViewModel.swift */; };
		FF1274CC2AF7625B00099E02 /* SimpleActivityCardView.swift in Sources */ = {isa = PBXBuildFile; fileRef = FF1274CB2AF7625B00099E02 /* SimpleActivityCardView.swift */; };
		FF1274CF2AF76D1900099E02 /* ActivityCardView.swift in Sources */ = {isa = PBXBuildFile; fileRef = FF1274CE2AF76D1900099E02 /* ActivityCardView.swift */; };
		FF1D0B2D2B6710E400FDF4CF /* NewActivityForm.swift in Sources */ = {isa = PBXBuildFile; fileRef = FF1D0B2C2B6710E400FDF4CF /* NewActivityForm.swift */; };
		FF1D0B2F2B67473B00FDF4CF /* Extensions.swift in Sources */ = {isa = PBXBuildFile; fileRef = FF1D0B2E2B67473B00FDF4CF /* Extensions.swift */; };
		FF2BF1DF2B1D95E30019CBFC /* FullActivityCardUITests.swift in Sources */ = {isa = PBXBuildFile; fileRef = FF2BF1DE2B1D95E30019CBFC /* FullActivityCardUITests.swift */; };
		FF5938292B166B33002B66C4 /* FullActivityCardViewTests.swift in Sources */ = {isa = PBXBuildFile; fileRef = FF5938282B166B33002B66C4 /* FullActivityCardViewTests.swift */; };
		FF6531AC2B6593A200D69746 /* TripDataSource.swift in Sources */ = {isa = PBXBuildFile; fileRef = FF6531AB2B6593A200D69746 /* TripDataSource.swift */; };
		FF6531AE2B659C2800D69746 /* ViewModel.swift in Sources */ = {isa = PBXBuildFile; fileRef = FF6531AD2B659C2800D69746 /* ViewModel.swift */; };
		FF9AB77B2B68C1E200CA601C /* TripViewModel.swift in Sources */ = {isa = PBXBuildFile; fileRef = FF9AB77A2B68C1E200CA601C /* TripViewModel.swift */; };
		FF9AB77D2B69695000CA601C /* MockData.swift in Sources */ = {isa = PBXBuildFile; fileRef = FF9AB77C2B69695000CA601C /* MockData.swift */; };
		FFC476E22ADC90A10055EC89 /* TumblerApp.swift in Sources */ = {isa = PBXBuildFile; fileRef = FFC476E12ADC90A10055EC89 /* TumblerApp.swift */; };
		FFC476E62ADC90A20055EC89 /* Assets.xcassets in Resources */ = {isa = PBXBuildFile; fileRef = FFC476E52ADC90A20055EC89 /* Assets.xcassets */; };
		FFC476EA2ADC90A20055EC89 /* Preview Assets.xcassets in Resources */ = {isa = PBXBuildFile; fileRef = FFC476E92ADC90A20055EC89 /* Preview Assets.xcassets */; };
		FFC476F42ADC90A20055EC89 /* TumblerTests.swift in Sources */ = {isa = PBXBuildFile; fileRef = FFC476F32ADC90A20055EC89 /* TumblerTests.swift */; };
		FFC476FE2ADC90A20055EC89 /* TumblerUITests.swift in Sources */ = {isa = PBXBuildFile; fileRef = FFC476FD2ADC90A20055EC89 /* TumblerUITests.swift */; };
		FFC477002ADC90A20055EC89 /* TumblerUITestsLaunchTests.swift in Sources */ = {isa = PBXBuildFile; fileRef = FFC476FF2ADC90A20055EC89 /* TumblerUITestsLaunchTests.swift */; };
		FFC4770F2ADC91910055EC89 /* FullActivityCardView.swift in Sources */ = {isa = PBXBuildFile; fileRef = FFC4770E2ADC91910055EC89 /* FullActivityCardView.swift */; };
		FFC477112ADC91A30055EC89 /* FullDayCardView.swift in Sources */ = {isa = PBXBuildFile; fileRef = FFC477102ADC91A30055EC89 /* FullDayCardView.swift */; };
		FFC477132ADC91B50055EC89 /* RecentTabView.swift in Sources */ = {isa = PBXBuildFile; fileRef = FFC477122ADC91B50055EC89 /* RecentTabView.swift */; };
		FFC477152ADC91C40055EC89 /* SettingTabView.swift in Sources */ = {isa = PBXBuildFile; fileRef = FFC477142ADC91C40055EC89 /* SettingTabView.swift */; };
		FFC477172ADC91D20055EC89 /* FullTripCardView.swift in Sources */ = {isa = PBXBuildFile; fileRef = FFC477162ADC91D20055EC89 /* FullTripCardView.swift */; };
		FFC477192ADC91E00055EC89 /* TripTabView.swift in Sources */ = {isa = PBXBuildFile; fileRef = FFC477182ADC91E00055EC89 /* TripTabView.swift */; };
		FFC4771D2ADE54EA0055EC89 /* Activity.swift in Sources */ = {isa = PBXBuildFile; fileRef = FFC4771C2ADE54EA0055EC89 /* Activity.swift */; };
		FFC4771F2ADE54FB0055EC89 /* Day.swift in Sources */ = {isa = PBXBuildFile; fileRef = FFC4771E2ADE54FB0055EC89 /* Day.swift */; };
		FFC477212ADE55050055EC89 /* Event.swift in Sources */ = {isa = PBXBuildFile; fileRef = FFC477202ADE55050055EC89 /* Event.swift */; };
		FFC477232ADE551D0055EC89 /* Trip.swift in Sources */ = {isa = PBXBuildFile; fileRef = FFC477222ADE551D0055EC89 /* Trip.swift */; };
		FFC477262ADE562D0055EC89 /* Transportation.swift in Sources */ = {isa = PBXBuildFile; fileRef = FFC477252ADE562D0055EC89 /* Transportation.swift */; };
		FFC4772E2ADE5FC70055EC89 /* DetailedActivityViewModel.swift in Sources */ = {isa = PBXBuildFile; fileRef = FFC4772D2ADE5FC70055EC89 /* DetailedActivityViewModel.swift */; };
		FFEE1A9C2B7BEB8A003CC260 /* TupleModel.swift in Sources */ = {isa = PBXBuildFile; fileRef = FFEE1A9B2B7BEB8A003CC260 /* TupleModel.swift */; };
/* End PBXBuildFile section */

/* Begin PBXContainerItemProxy section */
		FF65C9472AF82E0A0000DF0A /* PBXContainerItemProxy */ = {
			isa = PBXContainerItemProxy;
			containerPortal = FFC476D62ADC90A10055EC89 /* Project object */;
			proxyType = 1;
			remoteGlobalIDString = FFC476DD2ADC90A10055EC89;
			remoteInfo = Tumbler;
		};
		FF65C9492AF82E230000DF0A /* PBXContainerItemProxy */ = {
			isa = PBXContainerItemProxy;
			containerPortal = FFC476D62ADC90A10055EC89 /* Project object */;
			proxyType = 1;
			remoteGlobalIDString = FFC476DD2ADC90A10055EC89;
			remoteInfo = Tumbler;
		};
/* End PBXContainerItemProxy section */

/* Begin PBXFileReference section */
		503E76DB2B68B1D900E88986 /* TripView.swift */ = {isa = PBXFileReference; lastKnownFileType = sourcecode.swift; path = TripView.swift; sourceTree = "<group>"; };
		503E76DD2B71F91A00E88986 /* NewDayView.swift */ = {isa = PBXFileReference; lastKnownFileType = sourcecode.swift; path = NewDayView.swift; sourceTree = "<group>"; };
		503E76E12B7C380100E88986 /* AddActivityView.swift */ = {isa = PBXFileReference; lastKnownFileType = sourcecode.swift; path = AddActivityView.swift; sourceTree = "<group>"; };
		503E76E32B7C3B6000E88986 /* AddActivityViewModel.swift */ = {isa = PBXFileReference; lastKnownFileType = sourcecode.swift; path = AddActivityViewModel.swift; sourceTree = "<group>"; };
		50A8454F2B58E20400CE5728 /* NewActivityView.swift */ = {isa = PBXFileReference; lastKnownFileType = sourcecode.swift; path = NewActivityView.swift; sourceTree = "<group>"; };
		50A845512B58F73B00CE5728 /* NewActivityViewModel.swift */ = {isa = PBXFileReference; lastKnownFileType = sourcecode.swift; path = NewActivityViewModel.swift; sourceTree = "<group>"; };
		50C2FF592B62047E0098DCFC /* SimpleTransportCardView.swift */ = {isa = PBXFileReference; lastKnownFileType = sourcecode.swift; path = SimpleTransportCardView.swift; sourceTree = "<group>"; };
		50C58C682B5A4F10000DF547 /* SimpleTripCardView.swift */ = {isa = PBXFileReference; lastKnownFileType = sourcecode.swift; path = SimpleTripCardView.swift; sourceTree = "<group>"; };
		50F6158F2B60BB7E005F0EAB /* DetailedActivityView.swift */ = {isa = PBXFileReference; explicitFileType = sourcecode.swift; path = DetailedActivityView.swift; sourceTree = "<group>"; };
		F17FA3852AFC69BF00D66D26 /* LoginView.swift */ = {isa = PBXFileReference; lastKnownFileType = sourcecode.swift; path = LoginView.swift; sourceTree = "<group>"; };
		FF1274C72AF74F8F00099E02 /* FullEventCardView.swift */ = {isa = PBXFileReference; lastKnownFileType = sourcecode.swift; path = FullEventCardView.swift; sourceTree = "<group>"; };
		FF1274C92AF74F9D00099E02 /* FullEventCardViewModel.swift */ = {isa = PBXFileReference; lastKnownFileType = sourcecode.swift; path = FullEventCardViewModel.swift; sourceTree = "<group>"; };
		FF1274CB2AF7625B00099E02 /* SimpleActivityCardView.swift */ = {isa = PBXFileReference; lastKnownFileType = sourcecode.swift; path = SimpleActivityCardView.swift; sourceTree = "<group>"; };
		FF1274CE2AF76D1900099E02 /* ActivityCardView.swift */ = {isa = PBXFileReference; lastKnownFileType = sourcecode.swift; path = ActivityCardView.swift; sourceTree = "<group>"; };
		FF1D0B2C2B6710E400FDF4CF /* NewActivityForm.swift */ = {isa = PBXFileReference; lastKnownFileType = sourcecode.swift; path = NewActivityForm.swift; sourceTree = "<group>"; };
		FF1D0B2E2B67473B00FDF4CF /* Extensions.swift */ = {isa = PBXFileReference; lastKnownFileType = sourcecode.swift; path = Extensions.swift; sourceTree = "<group>"; };
		FF2BF1DE2B1D95E30019CBFC /* FullActivityCardUITests.swift */ = {isa = PBXFileReference; lastKnownFileType = sourcecode.swift; path = FullActivityCardUITests.swift; sourceTree = "<group>"; };
		FF5938282B166B33002B66C4 /* FullActivityCardViewTests.swift */ = {isa = PBXFileReference; lastKnownFileType = sourcecode.swift; path = FullActivityCardViewTests.swift; sourceTree = "<group>"; };
		FF6531AB2B6593A200D69746 /* TripDataSource.swift */ = {isa = PBXFileReference; lastKnownFileType = sourcecode.swift; path = TripDataSource.swift; sourceTree = "<group>"; };
		FF6531AD2B659C2800D69746 /* ViewModel.swift */ = {isa = PBXFileReference; lastKnownFileType = sourcecode.swift; path = ViewModel.swift; sourceTree = "<group>"; };
		FF9AB77A2B68C1E200CA601C /* TripViewModel.swift */ = {isa = PBXFileReference; lastKnownFileType = sourcecode.swift; path = TripViewModel.swift; sourceTree = "<group>"; };
		FF9AB77C2B69695000CA601C /* MockData.swift */ = {isa = PBXFileReference; lastKnownFileType = sourcecode.swift; path = MockData.swift; sourceTree = "<group>"; };
		FFC476DE2ADC90A10055EC89 /* Tumbler.app */ = {isa = PBXFileReference; explicitFileType = wrapper.application; includeInIndex = 0; path = Tumbler.app; sourceTree = BUILT_PRODUCTS_DIR; };
		FFC476E12ADC90A10055EC89 /* TumblerApp.swift */ = {isa = PBXFileReference; lastKnownFileType = sourcecode.swift; path = TumblerApp.swift; sourceTree = "<group>"; };
		FFC476E52ADC90A20055EC89 /* Assets.xcassets */ = {isa = PBXFileReference; lastKnownFileType = folder.assetcatalog; path = Assets.xcassets; sourceTree = "<group>"; };
		FFC476E72ADC90A20055EC89 /* Tumbler.entitlements */ = {isa = PBXFileReference; lastKnownFileType = text.plist.entitlements; path = Tumbler.entitlements; sourceTree = "<group>"; };
		FFC476E92ADC90A20055EC89 /* Preview Assets.xcassets */ = {isa = PBXFileReference; lastKnownFileType = folder.assetcatalog; path = "Preview Assets.xcassets"; sourceTree = "<group>"; };
		FFC476EF2ADC90A20055EC89 /* TumblerTests.xctest */ = {isa = PBXFileReference; explicitFileType = wrapper.cfbundle; includeInIndex = 0; path = TumblerTests.xctest; sourceTree = BUILT_PRODUCTS_DIR; };
		FFC476F32ADC90A20055EC89 /* TumblerTests.swift */ = {isa = PBXFileReference; lastKnownFileType = sourcecode.swift; path = TumblerTests.swift; sourceTree = "<group>"; };
		FFC476F92ADC90A20055EC89 /* TumblerUITests.xctest */ = {isa = PBXFileReference; explicitFileType = wrapper.cfbundle; includeInIndex = 0; path = TumblerUITests.xctest; sourceTree = BUILT_PRODUCTS_DIR; };
		FFC476FD2ADC90A20055EC89 /* TumblerUITests.swift */ = {isa = PBXFileReference; lastKnownFileType = sourcecode.swift; path = TumblerUITests.swift; sourceTree = "<group>"; };
		FFC476FF2ADC90A20055EC89 /* TumblerUITestsLaunchTests.swift */ = {isa = PBXFileReference; lastKnownFileType = sourcecode.swift; path = TumblerUITestsLaunchTests.swift; sourceTree = "<group>"; };
		FFC4770E2ADC91910055EC89 /* FullActivityCardView.swift */ = {isa = PBXFileReference; lastKnownFileType = sourcecode.swift; path = FullActivityCardView.swift; sourceTree = "<group>"; };
		FFC477102ADC91A30055EC89 /* FullDayCardView.swift */ = {isa = PBXFileReference; lastKnownFileType = sourcecode.swift; path = FullDayCardView.swift; sourceTree = "<group>"; };
		FFC477122ADC91B50055EC89 /* RecentTabView.swift */ = {isa = PBXFileReference; lastKnownFileType = sourcecode.swift; path = RecentTabView.swift; sourceTree = "<group>"; };
		FFC477142ADC91C40055EC89 /* SettingTabView.swift */ = {isa = PBXFileReference; lastKnownFileType = sourcecode.swift; path = SettingTabView.swift; sourceTree = "<group>"; };
		FFC477162ADC91D20055EC89 /* FullTripCardView.swift */ = {isa = PBXFileReference; lastKnownFileType = sourcecode.swift; path = FullTripCardView.swift; sourceTree = "<group>"; };
		FFC477182ADC91E00055EC89 /* TripTabView.swift */ = {isa = PBXFileReference; lastKnownFileType = sourcecode.swift; path = TripTabView.swift; sourceTree = "<group>"; };
		FFC4771C2ADE54EA0055EC89 /* Activity.swift */ = {isa = PBXFileReference; lastKnownFileType = sourcecode.swift; path = Activity.swift; sourceTree = "<group>"; };
		FFC4771E2ADE54FB0055EC89 /* Day.swift */ = {isa = PBXFileReference; lastKnownFileType = sourcecode.swift; path = Day.swift; sourceTree = "<group>"; };
		FFC477202ADE55050055EC89 /* Event.swift */ = {isa = PBXFileReference; lastKnownFileType = sourcecode.swift; path = Event.swift; sourceTree = "<group>"; };
		FFC477222ADE551D0055EC89 /* Trip.swift */ = {isa = PBXFileReference; lastKnownFileType = sourcecode.swift; path = Trip.swift; sourceTree = "<group>"; };
		FFC477252ADE562D0055EC89 /* Transportation.swift */ = {isa = PBXFileReference; lastKnownFileType = sourcecode.swift; path = Transportation.swift; sourceTree = "<group>"; };
		FFC4772D2ADE5FC70055EC89 /* DetailedActivityViewModel.swift */ = {isa = PBXFileReference; lastKnownFileType = sourcecode.swift; path = DetailedActivityViewModel.swift; sourceTree = "<group>"; };
		FFEE1A9B2B7BEB8A003CC260 /* TupleModel.swift */ = {isa = PBXFileReference; lastKnownFileType = sourcecode.swift; path = TupleModel.swift; sourceTree = "<group>"; };
/* End PBXFileReference section */

/* Begin PBXFrameworksBuildPhase section */
		FFC476DB2ADC90A10055EC89 /* Frameworks */ = {
			isa = PBXFrameworksBuildPhase;
			buildActionMask = 2147483647;
			files = (
			);
			runOnlyForDeploymentPostprocessing = 0;
		};
		FFC476EC2ADC90A20055EC89 /* Frameworks */ = {
			isa = PBXFrameworksBuildPhase;
			buildActionMask = 2147483647;
			files = (
			);
			runOnlyForDeploymentPostprocessing = 0;
		};
		FFC476F62ADC90A20055EC89 /* Frameworks */ = {
			isa = PBXFrameworksBuildPhase;
			buildActionMask = 2147483647;
			files = (
			);
			runOnlyForDeploymentPostprocessing = 0;
		};
/* End PBXFrameworksBuildPhase section */

/* Begin PBXGroup section */
		50A8454E2B58E1D800CE5728 /* Form */ = {
			isa = PBXGroup;
			children = (
				FF1D0B2C2B6710E400FDF4CF /* NewActivityForm.swift */,
				50A845512B58F73B00CE5728 /* NewActivityViewModel.swift */,
				50A8454F2B58E20400CE5728 /* NewActivityView.swift */,
				503E76DD2B71F91A00E88986 /* NewDayView.swift */,
			);
			path = Form;
			sourceTree = "<group>";
		};
		FF1274C32AF6BA9500099E02 /* FullActivity */ = {
			isa = PBXGroup;
			children = (
				FFC4770E2ADC91910055EC89 /* FullActivityCardView.swift */,
				FFC4772D2ADE5FC70055EC89 /* DetailedActivityViewModel.swift */,
				50F6158F2B60BB7E005F0EAB /* DetailedActivityView.swift */,
			);
			path = FullActivity;
			sourceTree = "<group>";
		};
		FF1274C42AF74F5600099E02 /* FullEvent */ = {
			isa = PBXGroup;
			children = (
				FF1274C92AF74F9D00099E02 /* FullEventCardViewModel.swift */,
				FF1274C72AF74F8F00099E02 /* FullEventCardView.swift */,
			);
			path = FullEvent;
			sourceTree = "<group>";
		};
		FF1274CD2AF76CFD00099E02 /* Detail */ = {
			isa = PBXGroup;
			children = (
				FF1274CE2AF76D1900099E02 /* ActivityCardView.swift */,
				503E76E12B7C380100E88986 /* AddActivityView.swift */,
				503E76E32B7C3B6000E88986 /* AddActivityViewModel.swift */,
			);
			path = Detail;
			sourceTree = "<group>";
		};
		FF59382A2B166D2A002B66C4 /* Model */ = {
			isa = PBXGroup;
			children = (
			);
			path = Model;
			sourceTree = "<group>";
		};
		FF59382B2B166D30002B66C4 /* View */ = {
			isa = PBXGroup;
			children = (
				FF59382C2B166D3F002B66C4 /* Card */,
				FF59382E2B166D65002B66C4 /* Tab */,
			);
			path = View;
			sourceTree = "<group>";
		};
		FF59382C2B166D3F002B66C4 /* Card */ = {
			isa = PBXGroup;
			children = (
				FF59382F2B166D7A002B66C4 /* Detail */,
				FF5938302B166D7F002B66C4 /* Full */,
				FF5938342B166DCD002B66C4 /* Simple */,
			);
			path = Card;
			sourceTree = "<group>";
		};
		FF59382E2B166D65002B66C4 /* Tab */ = {
			isa = PBXGroup;
			children = (
			);
			path = Tab;
			sourceTree = "<group>";
		};
		FF59382F2B166D7A002B66C4 /* Detail */ = {
			isa = PBXGroup;
			children = (
			);
			path = Detail;
			sourceTree = "<group>";
		};
		FF5938302B166D7F002B66C4 /* Full */ = {
			isa = PBXGroup;
			children = (
				FF5938332B166DB4002B66C4 /* FullEvent */,
				FF5938312B166D83002B66C4 /* FullActivity */,
			);
			path = Full;
			sourceTree = "<group>";
		};
		FF5938312B166D83002B66C4 /* FullActivity */ = {
			isa = PBXGroup;
			children = (
				FF5938282B166B33002B66C4 /* FullActivityCardViewTests.swift */,
			);
			path = FullActivity;
			sourceTree = "<group>";
		};
		FF5938332B166DB4002B66C4 /* FullEvent */ = {
			isa = PBXGroup;
			children = (
			);
			path = FullEvent;
			sourceTree = "<group>";
		};
		FF5938342B166DCD002B66C4 /* Simple */ = {
			isa = PBXGroup;
			children = (
			);
			path = Simple;
			sourceTree = "<group>";
		};
		FF5938352B166E59002B66C4 /* Model */ = {
			isa = PBXGroup;
			children = (
			);
			path = Model;
			sourceTree = "<group>";
		};
		FF5938362B166E5F002B66C4 /* View */ = {
			isa = PBXGroup;
			children = (
				FF5938382B166E73002B66C4 /* Card */,
				FF5938372B166E6F002B66C4 /* Tab */,
			);
			path = View;
			sourceTree = "<group>";
		};
		FF5938372B166E6F002B66C4 /* Tab */ = {
			isa = PBXGroup;
			children = (
			);
			path = Tab;
			sourceTree = "<group>";
		};
		FF5938382B166E73002B66C4 /* Card */ = {
			isa = PBXGroup;
			children = (
				FF59383B2B166E83002B66C4 /* Detail */,
				FF59383A2B166E7E002B66C4 /* Full */,
				FF5938392B166E7B002B66C4 /* Simple */,
			);
			path = Card;
			sourceTree = "<group>";
		};
		FF5938392B166E7B002B66C4 /* Simple */ = {
			isa = PBXGroup;
			children = (
			);
			path = Simple;
			sourceTree = "<group>";
		};
		FF59383A2B166E7E002B66C4 /* Full */ = {
			isa = PBXGroup;
			children = (
				FF59383D2B166E92002B66C4 /* FullEvent */,
				FF59383C2B166E8D002B66C4 /* FullActivity */,
			);
			path = Full;
			sourceTree = "<group>";
		};
		FF59383B2B166E83002B66C4 /* Detail */ = {
			isa = PBXGroup;
			children = (
			);
			path = Detail;
			sourceTree = "<group>";
		};
		FF59383C2B166E8D002B66C4 /* FullActivity */ = {
			isa = PBXGroup;
			children = (
				FF2BF1DE2B1D95E30019CBFC /* FullActivityCardUITests.swift */,
			);
			path = FullActivity;
			sourceTree = "<group>";
		};
		FF59383D2B166E92002B66C4 /* FullEvent */ = {
			isa = PBXGroup;
			children = (
			);
			path = FullEvent;
			sourceTree = "<group>";
		};
		FFC476D52ADC90A10055EC89 = {
			isa = PBXGroup;
			children = (
				FFC476E02ADC90A10055EC89 /* Tumbler */,
				FFC476F22ADC90A20055EC89 /* TumblerTests */,
				FFC476FC2ADC90A20055EC89 /* TumblerUITests */,
				FFC476DF2ADC90A10055EC89 /* Products */,
			);
			sourceTree = "<group>";
		};
		FFC476DF2ADC90A10055EC89 /* Products */ = {
			isa = PBXGroup;
			children = (
				FFC476DE2ADC90A10055EC89 /* Tumbler.app */,
				FFC476EF2ADC90A20055EC89 /* TumblerTests.xctest */,
				FFC476F92ADC90A20055EC89 /* TumblerUITests.xctest */,
			);
			name = Products;
			sourceTree = "<group>";
		};
		FFC476E02ADC90A10055EC89 /* Tumbler */ = {
			isa = PBXGroup;
			children = (
				FF9AB77C2B69695000CA601C /* MockData.swift */,
				FFC477242ADE555A0055EC89 /* Model */,
				FFC477272ADE58500055EC89 /* View */,
				FFC476E12ADC90A10055EC89 /* TumblerApp.swift */,
				FFC476E52ADC90A20055EC89 /* Assets.xcassets */,
				FFC476E72ADC90A20055EC89 /* Tumbler.entitlements */,
				FFC476E82ADC90A20055EC89 /* Preview Content */,
			);
			path = Tumbler;
			sourceTree = "<group>";
		};
		FFC476E82ADC90A20055EC89 /* Preview Content */ = {
			isa = PBXGroup;
			children = (
				FFC476E92ADC90A20055EC89 /* Preview Assets.xcassets */,
			);
			path = "Preview Content";
			sourceTree = "<group>";
		};
		FFC476F22ADC90A20055EC89 /* TumblerTests */ = {
			isa = PBXGroup;
			children = (
				FF59382A2B166D2A002B66C4 /* Model */,
				FF59382B2B166D30002B66C4 /* View */,
				FFC476F32ADC90A20055EC89 /* TumblerTests.swift */,
			);
			path = TumblerTests;
			sourceTree = "<group>";
		};
		FFC476FC2ADC90A20055EC89 /* TumblerUITests */ = {
			isa = PBXGroup;
			children = (
				FF5938352B166E59002B66C4 /* Model */,
				FF5938362B166E5F002B66C4 /* View */,
				FFC476FD2ADC90A20055EC89 /* TumblerUITests.swift */,
				FFC476FF2ADC90A20055EC89 /* TumblerUITestsLaunchTests.swift */,
			);
			path = TumblerUITests;
			sourceTree = "<group>";
		};
		FFC477242ADE555A0055EC89 /* Model */ = {
			isa = PBXGroup;
			children = (
				FF6531AB2B6593A200D69746 /* TripDataSource.swift */,
				FFC477222ADE551D0055EC89 /* Trip.swift */,
				FFC4771E2ADE54FB0055EC89 /* Day.swift */,
				FFC477202ADE55050055EC89 /* Event.swift */,
				FFC4771C2ADE54EA0055EC89 /* Activity.swift */,
				FFC477252ADE562D0055EC89 /* Transportation.swift */,
				FFEE1A9B2B7BEB8A003CC260 /* TupleModel.swift */,
				FF1D0B2E2B67473B00FDF4CF /* Extensions.swift */,
			);
			path = Model;
			sourceTree = "<group>";
		};
		FFC477272ADE58500055EC89 /* View */ = {
			isa = PBXGroup;
			children = (
				FFC477292ADE58860055EC89 /* Card */,
				FFC477282ADE58670055EC89 /* Tab */,
			);
			path = View;
			sourceTree = "<group>";
		};
		FFC477282ADE58670055EC89 /* Tab */ = {
			isa = PBXGroup;
			children = (
				FF6531AD2B659C2800D69746 /* ViewModel.swift */,
				F17FA3852AFC69BF00D66D26 /* LoginView.swift */,
				FFC477122ADC91B50055EC89 /* RecentTabView.swift */,
				FFC477182ADC91E00055EC89 /* TripTabView.swift */,
				FFC477142ADC91C40055EC89 /* SettingTabView.swift */,
			);
			path = Tab;
			sourceTree = "<group>";
		};
		FFC477292ADE58860055EC89 /* Card */ = {
			isa = PBXGroup;
			children = (
				50A8454E2B58E1D800CE5728 /* Form */,
				FF1274CD2AF76CFD00099E02 /* Detail */,
				FFC4772B2ADE58B10055EC89 /* Full */,
				FFC4772A2ADE58A50055EC89 /* Simple */,
				FF9AB77A2B68C1E200CA601C /* TripViewModel.swift */,
				503E76DB2B68B1D900E88986 /* TripView.swift */,
			);
			path = Card;
			sourceTree = "<group>";
		};
		FFC4772A2ADE58A50055EC89 /* Simple */ = {
			isa = PBXGroup;
			children = (
				FF1274CB2AF7625B00099E02 /* SimpleActivityCardView.swift */,
				50C58C682B5A4F10000DF547 /* SimpleTripCardView.swift */,
				50C2FF592B62047E0098DCFC /* SimpleTransportCardView.swift */,
			);
			path = Simple;
			sourceTree = "<group>";
		};
		FFC4772B2ADE58B10055EC89 /* Full */ = {
			isa = PBXGroup;
			children = (
				FF1274C42AF74F5600099E02 /* FullEvent */,
				FF1274C32AF6BA9500099E02 /* FullActivity */,
				FFC477102ADC91A30055EC89 /* FullDayCardView.swift */,
				FFC477162ADC91D20055EC89 /* FullTripCardView.swift */,
			);
			path = Full;
			sourceTree = "<group>";
		};
/* End PBXGroup section */

/* Begin PBXNativeTarget section */
		FFC476DD2ADC90A10055EC89 /* Tumbler */ = {
			isa = PBXNativeTarget;
			buildConfigurationList = FFC477032ADC90A20055EC89 /* Build configuration list for PBXNativeTarget "Tumbler" */;
			buildPhases = (
				FF65C9432AF819100000DF0A /* Run SwiftLint Script */,
				FFC476DA2ADC90A10055EC89 /* Sources */,
				FFC476DB2ADC90A10055EC89 /* Frameworks */,
				FFC476DC2ADC90A10055EC89 /* Resources */,
			);
			buildRules = (
			);
			dependencies = (
			);
			name = Tumbler;
			productName = Tumbler;
			productReference = FFC476DE2ADC90A10055EC89 /* Tumbler.app */;
			productType = "com.apple.product-type.application";
		};
		FFC476EE2ADC90A20055EC89 /* TumblerTests */ = {
			isa = PBXNativeTarget;
			buildConfigurationList = FFC477062ADC90A20055EC89 /* Build configuration list for PBXNativeTarget "TumblerTests" */;
			buildPhases = (
				FFC476EB2ADC90A20055EC89 /* Sources */,
				FFC476EC2ADC90A20055EC89 /* Frameworks */,
				FFC476ED2ADC90A20055EC89 /* Resources */,
			);
			buildRules = (
			);
			dependencies = (
				FF65C9482AF82E0A0000DF0A /* PBXTargetDependency */,
			);
			name = TumblerTests;
			productName = TumblerTests;
			productReference = FFC476EF2ADC90A20055EC89 /* TumblerTests.xctest */;
			productType = "com.apple.product-type.bundle.unit-test";
		};
		FFC476F82ADC90A20055EC89 /* TumblerUITests */ = {
			isa = PBXNativeTarget;
			buildConfigurationList = FFC477092ADC90A20055EC89 /* Build configuration list for PBXNativeTarget "TumblerUITests" */;
			buildPhases = (
				FFC476F52ADC90A20055EC89 /* Sources */,
				FFC476F62ADC90A20055EC89 /* Frameworks */,
				FFC476F72ADC90A20055EC89 /* Resources */,
			);
			buildRules = (
			);
			dependencies = (
				FF65C94A2AF82E230000DF0A /* PBXTargetDependency */,
			);
			name = TumblerUITests;
			productName = TumblerUITests;
			productReference = FFC476F92ADC90A20055EC89 /* TumblerUITests.xctest */;
			productType = "com.apple.product-type.bundle.ui-testing";
		};
/* End PBXNativeTarget section */

/* Begin PBXProject section */
		FFC476D62ADC90A10055EC89 /* Project object */ = {
			isa = PBXProject;
			attributes = {
				BuildIndependentTargetsInParallel = 1;
				LastSwiftUpdateCheck = 1500;
				LastUpgradeCheck = 1500;
				TargetAttributes = {
					FFC476DD2ADC90A10055EC89 = {
						CreatedOnToolsVersion = 15.0;
					};
					FFC476EE2ADC90A20055EC89 = {
						CreatedOnToolsVersion = 15.0;
						TestTargetID = FFC476DD2ADC90A10055EC89;
					};
					FFC476F82ADC90A20055EC89 = {
						CreatedOnToolsVersion = 15.0;
						TestTargetID = FFC476DD2ADC90A10055EC89;
					};
				};
			};
			buildConfigurationList = FFC476D92ADC90A10055EC89 /* Build configuration list for PBXProject "Tumbler" */;
			compatibilityVersion = "Xcode 14.0";
			developmentRegion = en;
			hasScannedForEncodings = 0;
			knownRegions = (
				en,
				Base,
			);
			mainGroup = FFC476D52ADC90A10055EC89;
			productRefGroup = FFC476DF2ADC90A10055EC89 /* Products */;
			projectDirPath = "";
			projectRoot = "";
			targets = (
				FFC476DD2ADC90A10055EC89 /* Tumbler */,
				FFC476EE2ADC90A20055EC89 /* TumblerTests */,
				FFC476F82ADC90A20055EC89 /* TumblerUITests */,
			);
		};
/* End PBXProject section */

/* Begin PBXResourcesBuildPhase section */
		FFC476DC2ADC90A10055EC89 /* Resources */ = {
			isa = PBXResourcesBuildPhase;
			buildActionMask = 2147483647;
			files = (
				FFC476EA2ADC90A20055EC89 /* Preview Assets.xcassets in Resources */,
				FFC476E62ADC90A20055EC89 /* Assets.xcassets in Resources */,
			);
			runOnlyForDeploymentPostprocessing = 0;
		};
		FFC476ED2ADC90A20055EC89 /* Resources */ = {
			isa = PBXResourcesBuildPhase;
			buildActionMask = 2147483647;
			files = (
			);
			runOnlyForDeploymentPostprocessing = 0;
		};
		FFC476F72ADC90A20055EC89 /* Resources */ = {
			isa = PBXResourcesBuildPhase;
			buildActionMask = 2147483647;
			files = (
			);
			runOnlyForDeploymentPostprocessing = 0;
		};
/* End PBXResourcesBuildPhase section */

/* Begin PBXShellScriptBuildPhase section */
		FF65C9432AF819100000DF0A /* Run SwiftLint Script */ = {
			isa = PBXShellScriptBuildPhase;
			buildActionMask = 2147483647;
			files = (
			);
			inputFileListPaths = (
			);
			inputPaths = (
			);
			name = "Run SwiftLint Script";
			outputFileListPaths = (
			);
			outputPaths = (
			);
			runOnlyForDeploymentPostprocessing = 0;
			shellPath = /bin/sh;
			shellScript = "# Type a script or drag a script file from your workspace to insert its path.\nif [[ \"$(uname -m)\" == arm64 ]]; then\n    export PATH=\"/opt/homebrew/bin:$PATH\"\nfi\n\nif which swiftlint > /dev/null; then\n  swiftlint\nelse\n  echo \"warning: SwiftLint not installed, download from https://github.com/realm/SwiftLint\"\nfi\n";
		};
/* End PBXShellScriptBuildPhase section */

/* Begin PBXSourcesBuildPhase section */
		FFC476DA2ADC90A10055EC89 /* Sources */ = {
			isa = PBXSourcesBuildPhase;
			buildActionMask = 2147483647;
			files = (
				FF1274C82AF74F8F00099E02 /* FullEventCardView.swift in Sources */,
				FF1D0B2F2B67473B00FDF4CF /* Extensions.swift in Sources */,
				503E76DE2B71F91A00E88986 /* NewDayView.swift in Sources */,
				FFC477112ADC91A30055EC89 /* FullDayCardView.swift in Sources */,
				FFC4772E2ADE5FC70055EC89 /* DetailedActivityViewModel.swift in Sources */,
				503E76DC2B68B1D900E88986 /* TripView.swift in Sources */,
				FF1274CC2AF7625B00099E02 /* SimpleActivityCardView.swift in Sources */,
				50C2FF5A2B62047E0098DCFC /* SimpleTransportCardView.swift in Sources */,
				50A845522B58F73B00CE5728 /* NewActivityViewModel.swift in Sources */,
				50F615902B60BB7E005F0EAB /* DetailedActivityView.swift in Sources */,
				FF6531AC2B6593A200D69746 /* TripDataSource.swift in Sources */,
				FFC477172ADC91D20055EC89 /* FullTripCardView.swift in Sources */,
				FF1274CA2AF74F9D00099E02 /* FullEventCardViewModel.swift in Sources */,
				FFC477232ADE551D0055EC89 /* Trip.swift in Sources */,
				FFC4771D2ADE54EA0055EC89 /* Activity.swift in Sources */,
				FFC477262ADE562D0055EC89 /* Transportation.swift in Sources */,
				FFEE1A9C2B7BEB8A003CC260 /* TupleModel.swift in Sources */,
				FF6531AE2B659C2800D69746 /* ViewModel.swift in Sources */,
				FF1274CF2AF76D1900099E02 /* ActivityCardView.swift in Sources */,
				50C58C692B5A4F10000DF547 /* SimpleTripCardView.swift in Sources */,
				FF9AB77B2B68C1E200CA601C /* TripViewModel.swift in Sources */,
				503E76E22B7C380100E88986 /* AddActivityView.swift in Sources */,
				FFC477132ADC91B50055EC89 /* RecentTabView.swift in Sources */,
				FF1D0B2D2B6710E400FDF4CF /* NewActivityForm.swift in Sources */,
				FFC476E22ADC90A10055EC89 /* TumblerApp.swift in Sources */,
				50A845502B58E20400CE5728 /* NewActivityView.swift in Sources */,
				F17FA3862AFC69BF00D66D26 /* LoginView.swift in Sources */,
				FFC4771F2ADE54FB0055EC89 /* Day.swift in Sources */,
				FFC477212ADE55050055EC89 /* Event.swift in Sources */,
				FF9AB77D2B69695000CA601C /* MockData.swift in Sources */,
				FFC477152ADC91C40055EC89 /* SettingTabView.swift in Sources */,
				503E76E42B7C3B6000E88986 /* AddActivityViewModel.swift in Sources */,
				FFC477192ADC91E00055EC89 /* TripTabView.swift in Sources */,
				FFC4770F2ADC91910055EC89 /* FullActivityCardView.swift in Sources */,
			);
			runOnlyForDeploymentPostprocessing = 0;
		};
		FFC476EB2ADC90A20055EC89 /* Sources */ = {
			isa = PBXSourcesBuildPhase;
			buildActionMask = 2147483647;
			files = (
				FF5938292B166B33002B66C4 /* FullActivityCardViewTests.swift in Sources */,
				FFC476F42ADC90A20055EC89 /* TumblerTests.swift in Sources */,
			);
			runOnlyForDeploymentPostprocessing = 0;
		};
		FFC476F52ADC90A20055EC89 /* Sources */ = {
			isa = PBXSourcesBuildPhase;
			buildActionMask = 2147483647;
			files = (
				FFC477002ADC90A20055EC89 /* TumblerUITestsLaunchTests.swift in Sources */,
				FF2BF1DF2B1D95E30019CBFC /* FullActivityCardUITests.swift in Sources */,
				FFC476FE2ADC90A20055EC89 /* TumblerUITests.swift in Sources */,
			);
			runOnlyForDeploymentPostprocessing = 0;
		};
/* End PBXSourcesBuildPhase section */

/* Begin PBXTargetDependency section */
		FF65C9482AF82E0A0000DF0A /* PBXTargetDependency */ = {
			isa = PBXTargetDependency;
			target = FFC476DD2ADC90A10055EC89 /* Tumbler */;
			targetProxy = FF65C9472AF82E0A0000DF0A /* PBXContainerItemProxy */;
		};
		FF65C94A2AF82E230000DF0A /* PBXTargetDependency */ = {
			isa = PBXTargetDependency;
			target = FFC476DD2ADC90A10055EC89 /* Tumbler */;
			targetProxy = FF65C9492AF82E230000DF0A /* PBXContainerItemProxy */;
		};
/* End PBXTargetDependency section */

/* Begin XCBuildConfiguration section */
		FFC477012ADC90A20055EC89 /* Debug */ = {
			isa = XCBuildConfiguration;
			buildSettings = {
				ALWAYS_SEARCH_USER_PATHS = NO;
				ASSETCATALOG_COMPILER_GENERATE_SWIFT_ASSET_SYMBOL_EXTENSIONS = YES;
				CLANG_ANALYZER_NONNULL = YES;
				CLANG_ANALYZER_NUMBER_OBJECT_CONVERSION = YES_AGGRESSIVE;
				CLANG_CXX_LANGUAGE_STANDARD = "gnu++20";
				CLANG_ENABLE_MODULES = YES;
				CLANG_ENABLE_OBJC_ARC = YES;
				CLANG_ENABLE_OBJC_WEAK = YES;
				CLANG_WARN_BLOCK_CAPTURE_AUTORELEASING = YES;
				CLANG_WARN_BOOL_CONVERSION = YES;
				CLANG_WARN_COMMA = YES;
				CLANG_WARN_CONSTANT_CONVERSION = YES;
				CLANG_WARN_DEPRECATED_OBJC_IMPLEMENTATIONS = YES;
				CLANG_WARN_DIRECT_OBJC_ISA_USAGE = YES_ERROR;
				CLANG_WARN_DOCUMENTATION_COMMENTS = YES;
				CLANG_WARN_EMPTY_BODY = YES;
				CLANG_WARN_ENUM_CONVERSION = YES;
				CLANG_WARN_INFINITE_RECURSION = YES;
				CLANG_WARN_INT_CONVERSION = YES;
				CLANG_WARN_NON_LITERAL_NULL_CONVERSION = YES;
				CLANG_WARN_OBJC_IMPLICIT_RETAIN_SELF = YES;
				CLANG_WARN_OBJC_LITERAL_CONVERSION = YES;
				CLANG_WARN_OBJC_ROOT_CLASS = YES_ERROR;
				CLANG_WARN_QUOTED_INCLUDE_IN_FRAMEWORK_HEADER = YES;
				CLANG_WARN_RANGE_LOOP_ANALYSIS = YES;
				CLANG_WARN_STRICT_PROTOTYPES = YES;
				CLANG_WARN_SUSPICIOUS_MOVE = YES;
				CLANG_WARN_UNGUARDED_AVAILABILITY = YES_AGGRESSIVE;
				CLANG_WARN_UNREACHABLE_CODE = YES;
				CLANG_WARN__DUPLICATE_METHOD_MATCH = YES;
				COPY_PHASE_STRIP = NO;
				DEBUG_INFORMATION_FORMAT = dwarf;
				ENABLE_STRICT_OBJC_MSGSEND = YES;
				ENABLE_TESTABILITY = YES;
				ENABLE_USER_SCRIPT_SANDBOXING = NO;
				GCC_C_LANGUAGE_STANDARD = gnu17;
				GCC_DYNAMIC_NO_PIC = NO;
				GCC_NO_COMMON_BLOCKS = YES;
				GCC_OPTIMIZATION_LEVEL = 0;
				GCC_PREPROCESSOR_DEFINITIONS = (
					"DEBUG=1",
					"$(inherited)",
				);
				GCC_WARN_64_TO_32_BIT_CONVERSION = YES;
				GCC_WARN_ABOUT_RETURN_TYPE = YES_ERROR;
				GCC_WARN_UNDECLARED_SELECTOR = YES;
				GCC_WARN_UNINITIALIZED_AUTOS = YES_AGGRESSIVE;
				GCC_WARN_UNUSED_FUNCTION = YES;
				GCC_WARN_UNUSED_VARIABLE = YES;
				IPHONEOS_DEPLOYMENT_TARGET = 17.0;
				LOCALIZATION_PREFERS_STRING_CATALOGS = YES;
				MACOSX_DEPLOYMENT_TARGET = 14.0;
				MTL_ENABLE_DEBUG_INFO = INCLUDE_SOURCE;
				MTL_FAST_MATH = YES;
				ONLY_ACTIVE_ARCH = YES;
				SWIFT_ACTIVE_COMPILATION_CONDITIONS = "DEBUG $(inherited)";
				SWIFT_OPTIMIZATION_LEVEL = "-Onone";
			};
			name = Debug;
		};
		FFC477022ADC90A20055EC89 /* Release */ = {
			isa = XCBuildConfiguration;
			buildSettings = {
				ALWAYS_SEARCH_USER_PATHS = NO;
				ASSETCATALOG_COMPILER_GENERATE_SWIFT_ASSET_SYMBOL_EXTENSIONS = YES;
				CLANG_ANALYZER_NONNULL = YES;
				CLANG_ANALYZER_NUMBER_OBJECT_CONVERSION = YES_AGGRESSIVE;
				CLANG_CXX_LANGUAGE_STANDARD = "gnu++20";
				CLANG_ENABLE_MODULES = YES;
				CLANG_ENABLE_OBJC_ARC = YES;
				CLANG_ENABLE_OBJC_WEAK = YES;
				CLANG_WARN_BLOCK_CAPTURE_AUTORELEASING = YES;
				CLANG_WARN_BOOL_CONVERSION = YES;
				CLANG_WARN_COMMA = YES;
				CLANG_WARN_CONSTANT_CONVERSION = YES;
				CLANG_WARN_DEPRECATED_OBJC_IMPLEMENTATIONS = YES;
				CLANG_WARN_DIRECT_OBJC_ISA_USAGE = YES_ERROR;
				CLANG_WARN_DOCUMENTATION_COMMENTS = YES;
				CLANG_WARN_EMPTY_BODY = YES;
				CLANG_WARN_ENUM_CONVERSION = YES;
				CLANG_WARN_INFINITE_RECURSION = YES;
				CLANG_WARN_INT_CONVERSION = YES;
				CLANG_WARN_NON_LITERAL_NULL_CONVERSION = YES;
				CLANG_WARN_OBJC_IMPLICIT_RETAIN_SELF = YES;
				CLANG_WARN_OBJC_LITERAL_CONVERSION = YES;
				CLANG_WARN_OBJC_ROOT_CLASS = YES_ERROR;
				CLANG_WARN_QUOTED_INCLUDE_IN_FRAMEWORK_HEADER = YES;
				CLANG_WARN_RANGE_LOOP_ANALYSIS = YES;
				CLANG_WARN_STRICT_PROTOTYPES = YES;
				CLANG_WARN_SUSPICIOUS_MOVE = YES;
				CLANG_WARN_UNGUARDED_AVAILABILITY = YES_AGGRESSIVE;
				CLANG_WARN_UNREACHABLE_CODE = YES;
				CLANG_WARN__DUPLICATE_METHOD_MATCH = YES;
				COPY_PHASE_STRIP = NO;
				DEBUG_INFORMATION_FORMAT = "dwarf-with-dsym";
				ENABLE_NS_ASSERTIONS = NO;
				ENABLE_STRICT_OBJC_MSGSEND = YES;
				ENABLE_USER_SCRIPT_SANDBOXING = NO;
				GCC_C_LANGUAGE_STANDARD = gnu17;
				GCC_NO_COMMON_BLOCKS = YES;
				GCC_WARN_64_TO_32_BIT_CONVERSION = YES;
				GCC_WARN_ABOUT_RETURN_TYPE = YES_ERROR;
				GCC_WARN_UNDECLARED_SELECTOR = YES;
				GCC_WARN_UNINITIALIZED_AUTOS = YES_AGGRESSIVE;
				GCC_WARN_UNUSED_FUNCTION = YES;
				GCC_WARN_UNUSED_VARIABLE = YES;
				IPHONEOS_DEPLOYMENT_TARGET = 17.0;
				LOCALIZATION_PREFERS_STRING_CATALOGS = YES;
				MACOSX_DEPLOYMENT_TARGET = 14.0;
				MTL_ENABLE_DEBUG_INFO = NO;
				MTL_FAST_MATH = YES;
				SWIFT_COMPILATION_MODE = wholemodule;
			};
			name = Release;
		};
		FFC477042ADC90A20055EC89 /* Debug */ = {
			isa = XCBuildConfiguration;
			buildSettings = {
				ASSETCATALOG_COMPILER_APPICON_NAME = AppIcon;
				ASSETCATALOG_COMPILER_GLOBAL_ACCENT_COLOR_NAME = AccentColor;
				CODE_SIGN_ENTITLEMENTS = Tumbler/Tumbler.entitlements;
				CODE_SIGN_STYLE = Automatic;
				CURRENT_PROJECT_VERSION = 1;
				DEVELOPMENT_ASSET_PATHS = "\"Tumbler/Preview Content\"";
				DEVELOPMENT_TEAM = DXF972H7WL;
				ENABLE_PREVIEWS = YES;
				GENERATE_INFOPLIST_FILE = YES;
				"INFOPLIST_KEY_UIApplicationSceneManifest_Generation[sdk=iphoneos*]" = YES;
				"INFOPLIST_KEY_UIApplicationSceneManifest_Generation[sdk=iphonesimulator*]" = YES;
				"INFOPLIST_KEY_UIApplicationSupportsIndirectInputEvents[sdk=iphoneos*]" = YES;
				"INFOPLIST_KEY_UIApplicationSupportsIndirectInputEvents[sdk=iphonesimulator*]" = YES;
				"INFOPLIST_KEY_UILaunchScreen_Generation[sdk=iphoneos*]" = YES;
				"INFOPLIST_KEY_UILaunchScreen_Generation[sdk=iphonesimulator*]" = YES;
				"INFOPLIST_KEY_UIStatusBarStyle[sdk=iphoneos*]" = UIStatusBarStyleDefault;
				"INFOPLIST_KEY_UIStatusBarStyle[sdk=iphonesimulator*]" = UIStatusBarStyleDefault;
				INFOPLIST_KEY_UISupportedInterfaceOrientations_iPad = "UIInterfaceOrientationPortrait UIInterfaceOrientationPortraitUpsideDown UIInterfaceOrientationLandscapeLeft UIInterfaceOrientationLandscapeRight";
				INFOPLIST_KEY_UISupportedInterfaceOrientations_iPhone = "UIInterfaceOrientationPortrait UIInterfaceOrientationLandscapeLeft UIInterfaceOrientationLandscapeRight";
				IPHONEOS_DEPLOYMENT_TARGET = 17.0;
				LD_RUNPATH_SEARCH_PATHS = "@executable_path/Frameworks";
				"LD_RUNPATH_SEARCH_PATHS[sdk=macosx*]" = "@executable_path/../Frameworks";
				MACOSX_DEPLOYMENT_TARGET = 14.0;
				MARKETING_VERSION = 1.0;
				PRODUCT_BUNDLE_IDENTIFIER = terrenceliu.Tumbler;
				PRODUCT_NAME = "$(TARGET_NAME)";
				SDKROOT = auto;
				SUPPORTED_PLATFORMS = "iphoneos iphonesimulator macosx";
				SWIFT_EMIT_LOC_STRINGS = YES;
				SWIFT_VERSION = 5.0;
				TARGETED_DEVICE_FAMILY = "1,2";
			};
			name = Debug;
		};
		FFC477052ADC90A20055EC89 /* Release */ = {
			isa = XCBuildConfiguration;
			buildSettings = {
				ASSETCATALOG_COMPILER_APPICON_NAME = AppIcon;
				ASSETCATALOG_COMPILER_GLOBAL_ACCENT_COLOR_NAME = AccentColor;
				CODE_SIGN_ENTITLEMENTS = Tumbler/Tumbler.entitlements;
				CODE_SIGN_STYLE = Automatic;
				CURRENT_PROJECT_VERSION = 1;
				DEVELOPMENT_ASSET_PATHS = "\"Tumbler/Preview Content\"";
				DEVELOPMENT_TEAM = DXF972H7WL;
				ENABLE_PREVIEWS = YES;
				GENERATE_INFOPLIST_FILE = YES;
				"INFOPLIST_KEY_UIApplicationSceneManifest_Generation[sdk=iphoneos*]" = YES;
				"INFOPLIST_KEY_UIApplicationSceneManifest_Generation[sdk=iphonesimulator*]" = YES;
				"INFOPLIST_KEY_UIApplicationSupportsIndirectInputEvents[sdk=iphoneos*]" = YES;
				"INFOPLIST_KEY_UIApplicationSupportsIndirectInputEvents[sdk=iphonesimulator*]" = YES;
				"INFOPLIST_KEY_UILaunchScreen_Generation[sdk=iphoneos*]" = YES;
				"INFOPLIST_KEY_UILaunchScreen_Generation[sdk=iphonesimulator*]" = YES;
				"INFOPLIST_KEY_UIStatusBarStyle[sdk=iphoneos*]" = UIStatusBarStyleDefault;
				"INFOPLIST_KEY_UIStatusBarStyle[sdk=iphonesimulator*]" = UIStatusBarStyleDefault;
				INFOPLIST_KEY_UISupportedInterfaceOrientations_iPad = "UIInterfaceOrientationPortrait UIInterfaceOrientationPortraitUpsideDown UIInterfaceOrientationLandscapeLeft UIInterfaceOrientationLandscapeRight";
				INFOPLIST_KEY_UISupportedInterfaceOrientations_iPhone = "UIInterfaceOrientationPortrait UIInterfaceOrientationLandscapeLeft UIInterfaceOrientationLandscapeRight";
				IPHONEOS_DEPLOYMENT_TARGET = 17.0;
				LD_RUNPATH_SEARCH_PATHS = "@executable_path/Frameworks";
				"LD_RUNPATH_SEARCH_PATHS[sdk=macosx*]" = "@executable_path/../Frameworks";
				MACOSX_DEPLOYMENT_TARGET = 14.0;
				MARKETING_VERSION = 1.0;
				PRODUCT_BUNDLE_IDENTIFIER = terrenceliu.Tumbler;
				PRODUCT_NAME = "$(TARGET_NAME)";
				SDKROOT = auto;
				SUPPORTED_PLATFORMS = "iphoneos iphonesimulator macosx";
				SWIFT_EMIT_LOC_STRINGS = YES;
				SWIFT_VERSION = 5.0;
				TARGETED_DEVICE_FAMILY = "1,2";
			};
			name = Release;
		};
		FFC477072ADC90A20055EC89 /* Debug */ = {
			isa = XCBuildConfiguration;
			buildSettings = {
				ALWAYS_EMBED_SWIFT_STANDARD_LIBRARIES = YES;
				CODE_SIGN_STYLE = Automatic;
				CURRENT_PROJECT_VERSION = 1;
				GENERATE_INFOPLIST_FILE = YES;
				IPHONEOS_DEPLOYMENT_TARGET = 17.0;
				MACOSX_DEPLOYMENT_TARGET = 14.0;
				MARKETING_VERSION = 1.0;
				PRODUCT_BUNDLE_IDENTIFIER = terrenceliu.TumblerTests;
				PRODUCT_NAME = "$(TARGET_NAME)";
				SDKROOT = auto;
				SUPPORTED_PLATFORMS = "iphoneos iphonesimulator macosx";
				SWIFT_EMIT_LOC_STRINGS = NO;
				SWIFT_VERSION = 5.0;
				TARGETED_DEVICE_FAMILY = "1,2";
				TEST_HOST = "$(BUILT_PRODUCTS_DIR)/Tumbler.app/$(BUNDLE_EXECUTABLE_FOLDER_PATH)/Tumbler";
			};
			name = Debug;
		};
		FFC477082ADC90A20055EC89 /* Release */ = {
			isa = XCBuildConfiguration;
			buildSettings = {
				ALWAYS_EMBED_SWIFT_STANDARD_LIBRARIES = YES;
				CODE_SIGN_STYLE = Automatic;
				CURRENT_PROJECT_VERSION = 1;
				GENERATE_INFOPLIST_FILE = YES;
				IPHONEOS_DEPLOYMENT_TARGET = 17.0;
				MACOSX_DEPLOYMENT_TARGET = 14.0;
				MARKETING_VERSION = 1.0;
				PRODUCT_BUNDLE_IDENTIFIER = terrenceliu.TumblerTests;
				PRODUCT_NAME = "$(TARGET_NAME)";
				SDKROOT = auto;
				SUPPORTED_PLATFORMS = "iphoneos iphonesimulator macosx";
				SWIFT_EMIT_LOC_STRINGS = NO;
				SWIFT_VERSION = 5.0;
				TARGETED_DEVICE_FAMILY = "1,2";
				TEST_HOST = "$(BUILT_PRODUCTS_DIR)/Tumbler.app/$(BUNDLE_EXECUTABLE_FOLDER_PATH)/Tumbler";
			};
			name = Release;
		};
		FFC4770A2ADC90A20055EC89 /* Debug */ = {
			isa = XCBuildConfiguration;
			buildSettings = {
				ALWAYS_EMBED_SWIFT_STANDARD_LIBRARIES = YES;
				CODE_SIGN_STYLE = Automatic;
				CURRENT_PROJECT_VERSION = 1;
				GENERATE_INFOPLIST_FILE = YES;
				IPHONEOS_DEPLOYMENT_TARGET = 17.0;
				MACOSX_DEPLOYMENT_TARGET = 14.0;
				MARKETING_VERSION = 1.0;
				PRODUCT_BUNDLE_IDENTIFIER = terrenceliu.TumblerUITests;
				PRODUCT_NAME = "$(TARGET_NAME)";
				PROVISIONING_PROFILE = "";
				SDKROOT = auto;
				SUPPORTED_PLATFORMS = "iphoneos iphonesimulator macosx";
				SWIFT_EMIT_LOC_STRINGS = NO;
				SWIFT_VERSION = 5.0;
				TARGETED_DEVICE_FAMILY = "1,2";
				TEST_TARGET_NAME = Tumbler;
			};
			name = Debug;
		};
		FFC4770B2ADC90A20055EC89 /* Release */ = {
			isa = XCBuildConfiguration;
			buildSettings = {
				ALWAYS_EMBED_SWIFT_STANDARD_LIBRARIES = YES;
				CODE_SIGN_STYLE = Automatic;
				CURRENT_PROJECT_VERSION = 1;
				GENERATE_INFOPLIST_FILE = YES;
				IPHONEOS_DEPLOYMENT_TARGET = 17.0;
				MACOSX_DEPLOYMENT_TARGET = 14.0;
				MARKETING_VERSION = 1.0;
				PRODUCT_BUNDLE_IDENTIFIER = terrenceliu.TumblerUITests;
				PRODUCT_NAME = "$(TARGET_NAME)";
				PROVISIONING_PROFILE = "";
				SDKROOT = auto;
				SUPPORTED_PLATFORMS = "iphoneos iphonesimulator macosx";
				SWIFT_EMIT_LOC_STRINGS = NO;
				SWIFT_VERSION = 5.0;
				TARGETED_DEVICE_FAMILY = "1,2";
				TEST_TARGET_NAME = Tumbler;
			};
			name = Release;
		};
/* End XCBuildConfiguration section */

/* Begin XCConfigurationList section */
		FFC476D92ADC90A10055EC89 /* Build configuration list for PBXProject "Tumbler" */ = {
			isa = XCConfigurationList;
			buildConfigurations = (
				FFC477012ADC90A20055EC89 /* Debug */,
				FFC477022ADC90A20055EC89 /* Release */,
			);
			defaultConfigurationIsVisible = 0;
			defaultConfigurationName = Release;
		};
		FFC477032ADC90A20055EC89 /* Build configuration list for PBXNativeTarget "Tumbler" */ = {
			isa = XCConfigurationList;
			buildConfigurations = (
				FFC477042ADC90A20055EC89 /* Debug */,
				FFC477052ADC90A20055EC89 /* Release */,
			);
			defaultConfigurationIsVisible = 0;
			defaultConfigurationName = Release;
		};
		FFC477062ADC90A20055EC89 /* Build configuration list for PBXNativeTarget "TumblerTests" */ = {
			isa = XCConfigurationList;
			buildConfigurations = (
				FFC477072ADC90A20055EC89 /* Debug */,
				FFC477082ADC90A20055EC89 /* Release */,
			);
			defaultConfigurationIsVisible = 0;
			defaultConfigurationName = Release;
		};
		FFC477092ADC90A20055EC89 /* Build configuration list for PBXNativeTarget "TumblerUITests" */ = {
			isa = XCConfigurationList;
			buildConfigurations = (
				FFC4770A2ADC90A20055EC89 /* Debug */,
				FFC4770B2ADC90A20055EC89 /* Release */,
			);
			defaultConfigurationIsVisible = 0;
			defaultConfigurationName = Release;
		};
/* End XCConfigurationList section */
	};
	rootObject = FFC476D62ADC90A10055EC89 /* Project object */;
}
